
Microsoft Visual Studio Solution File, Format Version 12.00
# Visual Studio Version 17
VisualStudioVersion = 17.14.37502.11 d17.14
MinimumVisualStudioVersion = 10.0.40219.1
Project("{FAE04EC0-301F-11D3-BF4B-00C04F79EFBC}") = "EmployeeWithTwoTable", "EmployeeWithTwoTable\EmployeeWithTwoTable.csproj", "{BD63EB18-2262-4CCC-ADC3-A660A851EEC6}"
EndProject
Project("{FAE04EC0-301F-11D3-BF4B-00C04F79EFBC}") = "Entitites", "Entitites\Entitites.csproj", "{F7CB9ACF-55BB-4EA2-BDC6-7E6A678B6940}"
EndProject
Global
	GlobalSection(SolutionConfigurationPlatforms) = preSolution
		Debug|Any CPU = Debug|Any CPU
		Release|Any CPU = Release|Any CPU
	EndGlobalSection
	GlobalSection(ProjectConfigurationPlatforms) = postSolution
		{BD63EB18-2262-4CCC-ADC3-A660A851EEC6}.Debug|Any CPU.ActiveCfg = Debug|Any CPU
		{BD63EB18-2262-4CCC-ADC3-A660A851EEC6}.Debug|Any CPU.Build.0 = Debug|Any CPU
		{BD63EB18-2262-4CCC-ADC3-A660A851EEC6}.Release|Any CPU.ActiveCfg = Release|Any CPU
		{BD63EB18-2262-4CCC-ADC3-A660A851EEC6}.Release|Any CPU.Build.0 = Release|Any CPU
		{F7CB9ACF-55BB-4EA2-BDC6-7E6A678B6940}.Debug|Any CPU.ActiveCfg = Debug|Any CPU
		{F7CB9ACF-55BB-4EA2-BDC6-7E6A678B6940}.Debug|Any CPU.Build.0 = Debug|Any CPU
		{F7CB9ACF-55BB-4EA2-BDC6-7E6A678B6940}.Release|Any CPU.ActiveCfg = Release|Any CPU
		{F7CB9ACF-55BB-4EA2-BDC6-7E6A678B6940}.Release|Any CPU.Build.0 = Release|Any CPU
	EndGlobalSection
	GlobalSection(SolutionProperties) = preSolution
		HideSolutionNode = FALSE
	EndGlobalSection
	GlobalSection(ExtensibilityGlobals) = postSolution
		SolutionGuid = {9659116F-DB1B-4192-9B15-587BA7B21ECB}
	EndGlobalSection
EndGlobal
